
Microsoft Visual Studio Solution File, Format Version 12.00
# Visual Studio 15
VisualStudioVersion = 15.0.28307.1622
MinimumVisualStudioVersion = 10.0.40219.1
Project("{FAE04EC0-301F-11D3-BF4B-00C04F79EFBC}") = "StudyFi", "StudyFi\StudyFi.csproj", "{1C0903DD-4D1A-44F4-9AD6-2B9354DC614E}"
EndProject
Project("{FAE04EC0-301F-11D3-BF4B-00C04F79EFBC}") = "StudyFi.Tests", "StudyFi.Tests\StudyFi.Tests.csproj", "{506400B8-BBB2-4904-9041-78B1E8879CDD}"
EndProject
Global
	GlobalSection(SolutionConfigurationPlatforms) = preSolution
		Debug|Any CPU = Debug|Any CPU
		Release|Any CPU = Release|Any CPU
	EndGlobalSection
	GlobalSection(ProjectConfigurationPlatforms) = postSolution
		{1C0903DD-4D1A-44F4-9AD6-2B9354DC614E}.Debug|Any CPU.ActiveCfg = Debug|Any CPU
		{1C0903DD-4D1A-44F4-9AD6-2B9354DC614E}.Debug|Any CPU.Build.0 = Debug|Any CPU
		{1C0903DD-4D1A-44F4-9AD6-2B9354DC614E}.Release|Any CPU.ActiveCfg = Release|Any CPU
		{1C0903DD-4D1A-44F4-9AD6-2B9354DC614E}.Release|Any CPU.Build.0 = Release|Any CPU
		{506400B8-BBB2-4904-9041-78B1E8879CDD}.Debug|Any CPU.ActiveCfg = Debug|Any CPU
		{506400B8-BBB2-4904-9041-78B1E8879CDD}.Debug|Any CPU.Build.0 = Debug|Any CPU
		{506400B8-BBB2-4904-9041-78B1E8879CDD}.Release|Any CPU.ActiveCfg = Release|Any CPU
		{506400B8-BBB2-4904-9041-78B1E8879CDD}.Release|Any CPU.Build.0 = Release|Any CPU
	EndGlobalSection
	GlobalSection(SolutionProperties) = preSolution
		HideSolutionNode = FALSE
	EndGlobalSection
	GlobalSection(ExtensibilityGlobals) = postSolution
		SolutionGuid = {4C31B05B-5C9E-46D6-9474-F9FBD61F807F}
	EndGlobalSection
EndGlobal
